
Microsoft Visual Studio Solution File, Format Version 12.00
# Visual Studio 2012
Project("{FAE04EC0-301F-11D3-BF4B-00C04F79EFBC}") = "ExamAttend", "ExamAttend\ExamAttend.csproj", "{B16D137B-A7E8-4637-B6EA-60B14BD9EB71}"
EndProject
Global
	GlobalSection(SolutionConfigurationPlatforms) = preSolution
		Debug|Any CPU = Debug|Any CPU
		Release|Any CPU = Release|Any CPU
	EndGlobalSection
	GlobalSection(ProjectConfigurationPlatforms) = postSolution
		{B16D137B-A7E8-4637-B6EA-60B14BD9EB71}.Debug|Any CPU.ActiveCfg = Debug|Any CPU
		{B16D137B-A7E8-4637-B6EA-60B14BD9EB71}.Debug|Any CPU.Build.0 = Debug|Any CPU
		{B16D137B-A7E8-4637-B6EA-60B14BD9EB71}.Release|Any CPU.ActiveCfg = Release|Any CPU
		{B16D137B-A7E8-4637-B6EA-60B14BD9EB71}.Release|Any CPU.Build.0 = Release|Any CPU
	EndGlobalSection
	GlobalSection(SolutionProperties) = preSolution
		HideSolutionNode = FALSE
	EndGlobalSection
EndGlobal
